// !$*UTF8*$!
{
	archiveVersion = 1;
	classes = {
	};
	objectVersion = 50;
	objects = {

/* Begin PBXBuildFile section */
		3E82B72D27AC6969006674ED /* AppDelegate.swift in Sources */ = {isa = PBXBuildFile; fileRef = 3E82B72C27AC6969006674ED /* AppDelegate.swift */; };
		3E82B72F27AC6969006674ED /* SceneDelegate.swift in Sources */ = {isa = PBXBuildFile; fileRef = 3E82B72E27AC6969006674ED /* SceneDelegate.swift */; };
		3E82B73627AC696A006674ED /* Assets.xcassets in Resources */ = {isa = PBXBuildFile; fileRef = 3E82B73527AC696A006674ED /* Assets.xcassets */; };
		3E82B73927AC696A006674ED /* LaunchScreen.storyboard in Resources */ = {isa = PBXBuildFile; fileRef = 3E82B73727AC696A006674ED /* LaunchScreen.storyboard */; };
		3E82B74727AC69F5006674ED /* HomeInteractor.swift in Sources */ = {isa = PBXBuildFile; fileRef = 3E82B74627AC69F5006674ED /* HomeInteractor.swift */; };
		3E82B74A27AC6A03006674ED /* HomePresenter.swift in Sources */ = {isa = PBXBuildFile; fileRef = 3E82B74927AC6A03006674ED /* HomePresenter.swift */; };
		3E82B74D27AC6A16006674ED /* HomeEntity.swift in Sources */ = {isa = PBXBuildFile; fileRef = 3E82B74C27AC6A16006674ED /* HomeEntity.swift */; };
		3E82B75027AC6A27006674ED /* HomeRouter.swift in Sources */ = {isa = PBXBuildFile; fileRef = 3E82B74F27AC6A27006674ED /* HomeRouter.swift */; };
		3E82B76027AC8901006674ED /* HomeView.swift in Sources */ = {isa = PBXBuildFile; fileRef = 3E82B75E27AC8901006674ED /* HomeView.swift */; };
		3E82B76127AC8901006674ED /* HomeView.xib in Resources */ = {isa = PBXBuildFile; fileRef = 3E82B75F27AC8901006674ED /* HomeView.xib */; };
		3EE6B09A27AEC45B0073D988 /* ContentMapsView.swift in Sources */ = {isa = PBXBuildFile; fileRef = 3EE6B09927AEC45B0073D988 /* ContentMapsView.swift */; };
		3EE6B09D27AEC4930073D988 /* AirportsListView.swift in Sources */ = {isa = PBXBuildFile; fileRef = 3EE6B09C27AEC4930073D988 /* AirportsListView.swift */; };
		43A4FAA227B0354A00C0B39A /* MapView.swift in Sources */ = {isa = PBXBuildFile; fileRef = 43A4FAA127B0354A00C0B39A /* MapView.swift */; };
		43A4FAA427B0367700C0B39A /* MapInteractor.swift in Sources */ = {isa = PBXBuildFile; fileRef = 43A4FAA327B0367700C0B39A /* MapInteractor.swift */; };
		43A4FAA627B0368E00C0B39A /* MapRouter.swift in Sources */ = {isa = PBXBuildFile; fileRef = 43A4FAA527B0368E00C0B39A /* MapRouter.swift */; };
		43A4FAA827B0ACF800C0B39A /* MapExternalData.swift in Sources */ = {isa = PBXBuildFile; fileRef = 43A4FAA727B0ACF800C0B39A /* MapExternalData.swift */; };
		43C514CD27AF0D23008352E2 /* MapPresenter.swift in Sources */ = {isa = PBXBuildFile; fileRef = 43C514CC27AF0D23008352E2 /* MapPresenter.swift */; };
		43C514CF27AF132F008352E2 /* MapEntity.swift in Sources */ = {isa = PBXBuildFile; fileRef = 43C514CE27AF132F008352E2 /* MapEntity.swift */; };
/* End PBXBuildFile section */

/* Begin PBXFileReference section */
		3E82B72927AC6969006674ED /* AirportAlboLab.app */ = {isa = PBXFileReference; explicitFileType = wrapper.application; includeInIndex = 0; path = AirportAlboLab.app; sourceTree = BUILT_PRODUCTS_DIR; };
		3E82B72C27AC6969006674ED /* AppDelegate.swift */ = {isa = PBXFileReference; lastKnownFileType = sourcecode.swift; path = AppDelegate.swift; sourceTree = "<group>"; };
		3E82B72E27AC6969006674ED /* SceneDelegate.swift */ = {isa = PBXFileReference; lastKnownFileType = sourcecode.swift; path = SceneDelegate.swift; sourceTree = "<group>"; };
		3E82B73527AC696A006674ED /* Assets.xcassets */ = {isa = PBXFileReference; lastKnownFileType = folder.assetcatalog; path = Assets.xcassets; sourceTree = "<group>"; };
		3E82B73827AC696A006674ED /* Base */ = {isa = PBXFileReference; lastKnownFileType = file.storyboard; name = Base; path = Base.lproj/LaunchScreen.storyboard; sourceTree = "<group>"; };
		3E82B73A27AC696A006674ED /* Info.plist */ = {isa = PBXFileReference; lastKnownFileType = text.plist.xml; path = Info.plist; sourceTree = "<group>"; };
		3E82B74627AC69F5006674ED /* HomeInteractor.swift */ = {isa = PBXFileReference; lastKnownFileType = sourcecode.swift; path = HomeInteractor.swift; sourceTree = "<group>"; };
		3E82B74927AC6A03006674ED /* HomePresenter.swift */ = {isa = PBXFileReference; lastKnownFileType = sourcecode.swift; path = HomePresenter.swift; sourceTree = "<group>"; };
		3E82B74C27AC6A16006674ED /* HomeEntity.swift */ = {isa = PBXFileReference; lastKnownFileType = sourcecode.swift; path = HomeEntity.swift; sourceTree = "<group>"; };
		3E82B74F27AC6A27006674ED /* HomeRouter.swift */ = {isa = PBXFileReference; lastKnownFileType = sourcecode.swift; path = HomeRouter.swift; sourceTree = "<group>"; };
		3E82B75E27AC8901006674ED /* HomeView.swift */ = {isa = PBXFileReference; lastKnownFileType = sourcecode.swift; path = HomeView.swift; sourceTree = "<group>"; };
		3E82B75F27AC8901006674ED /* HomeView.xib */ = {isa = PBXFileReference; lastKnownFileType = file.xib; path = HomeView.xib; sourceTree = "<group>"; };
		3EE6B09927AEC45B0073D988 /* ContentMapsView.swift */ = {isa = PBXFileReference; lastKnownFileType = sourcecode.swift; path = ContentMapsView.swift; sourceTree = "<group>"; };
		3EE6B09C27AEC4930073D988 /* AirportsListView.swift */ = {isa = PBXFileReference; lastKnownFileType = sourcecode.swift; path = AirportsListView.swift; sourceTree = "<group>"; };
		43A4FAA127B0354A00C0B39A /* MapView.swift */ = {isa = PBXFileReference; lastKnownFileType = sourcecode.swift; path = MapView.swift; sourceTree = "<group>"; };
		43A4FAA327B0367700C0B39A /* MapInteractor.swift */ = {isa = PBXFileReference; lastKnownFileType = sourcecode.swift; path = MapInteractor.swift; sourceTree = "<group>"; };
		43A4FAA527B0368E00C0B39A /* MapRouter.swift */ = {isa = PBXFileReference; lastKnownFileType = sourcecode.swift; path = MapRouter.swift; sourceTree = "<group>"; };
		43A4FAA727B0ACF800C0B39A /* MapExternalData.swift */ = {isa = PBXFileReference; lastKnownFileType = sourcecode.swift; path = MapExternalData.swift; sourceTree = "<group>"; };
		43C514CC27AF0D23008352E2 /* MapPresenter.swift */ = {isa = PBXFileReference; lastKnownFileType = sourcecode.swift; path = MapPresenter.swift; sourceTree = "<group>"; };
		43C514CE27AF132F008352E2 /* MapEntity.swift */ = {isa = PBXFileReference; lastKnownFileType = sourcecode.swift; path = MapEntity.swift; sourceTree = "<group>"; };
/* End PBXFileReference section */

/* Begin PBXFrameworksBuildPhase section */
		3E82B72627AC6969006674ED /* Frameworks */ = {
			isa = PBXFrameworksBuildPhase;
			buildActionMask = 2147483647;
			files = (
			);
			runOnlyForDeploymentPostprocessing = 0;
		};
/* End PBXFrameworksBuildPhase section */

/* Begin PBXGroup section */
		3E82B72027AC6969006674ED = {
			isa = PBXGroup;
			children = (
				3E82B72B27AC6969006674ED /* AirportAlboLab */,
				3E82B72A27AC6969006674ED /* Products */,
			);
			sourceTree = "<group>";
		};
		3E82B72A27AC6969006674ED /* Products */ = {
			isa = PBXGroup;
			children = (
				3E82B72927AC6969006674ED /* AirportAlboLab.app */,
			);
			name = Products;
			sourceTree = "<group>";
		};
		3E82B72B27AC6969006674ED /* AirportAlboLab */ = {
			isa = PBXGroup;
			children = (
				3E82B72C27AC6969006674ED /* AppDelegate.swift */,
				3E82B72E27AC6969006674ED /* SceneDelegate.swift */,
				3E82B74127AC69C6006674ED /* Module */,
				3E82B73527AC696A006674ED /* Assets.xcassets */,
				3E82B73727AC696A006674ED /* LaunchScreen.storyboard */,
				3E82B73A27AC696A006674ED /* Info.plist */,
			);
			path = AirportAlboLab;
			sourceTree = "<group>";
		};
		3E82B74127AC69C6006674ED /* Module */ = {
			isa = PBXGroup;
			children = (
				3E82B74227AC69CF006674ED /* Home */,
				3EE6B09427AEAC570073D988 /* Map */,
			);
			path = Module;
			sourceTree = "<group>";
		};
		3E82B74227AC69CF006674ED /* Home */ = {
			isa = PBXGroup;
			children = (
				3E82B75E27AC8901006674ED /* HomeView.swift */,
				3E82B75F27AC8901006674ED /* HomeView.xib */,
				3E82B74627AC69F5006674ED /* HomeInteractor.swift */,
				3E82B74927AC6A03006674ED /* HomePresenter.swift */,
				3E82B74C27AC6A16006674ED /* HomeEntity.swift */,
				3E82B74F27AC6A27006674ED /* HomeRouter.swift */,
			);
			path = Home;
			sourceTree = "<group>";
		};
		3EE6B09427AEAC570073D988 /* Map */ = {
			isa = PBXGroup;
			children = (
				3EE6B09927AEC45B0073D988 /* ContentMapsView.swift */,
				3EE6B09C27AEC4930073D988 /* AirportsListView.swift */,
				43A4FAA127B0354A00C0B39A /* MapView.swift */,
				43A4FAA327B0367700C0B39A /* MapInteractor.swift */,
				43C514CC27AF0D23008352E2 /* MapPresenter.swift */,
				43C514CE27AF132F008352E2 /* MapEntity.swift */,
				43A4FAA527B0368E00C0B39A /* MapRouter.swift */,
				43A4FAA727B0ACF800C0B39A /* MapExternalData.swift */,
			);
			path = Map;
			sourceTree = "<group>";
		};
/* End PBXGroup section */

/* Begin PBXNativeTarget section */
		3E82B72827AC6969006674ED /* AirportAlboLab */ = {
			isa = PBXNativeTarget;
			buildConfigurationList = 3E82B73D27AC696A006674ED /* Build configuration list for PBXNativeTarget "AirportAlboLab" */;
			buildPhases = (
				3E82B72527AC6969006674ED /* Sources */,
				3E82B72627AC6969006674ED /* Frameworks */,
				3E82B72727AC6969006674ED /* Resources */,
			);
			buildRules = (
			);
			dependencies = (
			);
			name = AirportAlboLab;
			productName = AirportAlboLab;
			productReference = 3E82B72927AC6969006674ED /* AirportAlboLab.app */;
			productType = "com.apple.product-type.application";
		};
/* End PBXNativeTarget section */

/* Begin PBXProject section */
		3E82B72127AC6969006674ED /* Project object */ = {
			isa = PBXProject;
			attributes = {
				LastSwiftUpdateCheck = 1210;
				LastUpgradeCheck = 1210;
				TargetAttributes = {
					3E82B72827AC6969006674ED = {
						CreatedOnToolsVersion = 12.1;
					};
				};
			};
			buildConfigurationList = 3E82B72427AC6969006674ED /* Build configuration list for PBXProject "AirportAlboLab" */;
			compatibilityVersion = "Xcode 9.3";
			developmentRegion = en;
			hasScannedForEncodings = 0;
			knownRegions = (
				en,
				Base,
			);
			mainGroup = 3E82B72027AC6969006674ED;
			productRefGroup = 3E82B72A27AC6969006674ED /* Products */;
			projectDirPath = "";
			projectRoot = "";
			targets = (
				3E82B72827AC6969006674ED /* AirportAlboLab */,
			);
		};
/* End PBXProject section */

/* Begin PBXResourcesBuildPhase section */
		3E82B72727AC6969006674ED /* Resources */ = {
			isa = PBXResourcesBuildPhase;
			buildActionMask = 2147483647;
			files = (
				3E82B73927AC696A006674ED /* LaunchScreen.storyboard in Resources */,
				3E82B73627AC696A006674ED /* Assets.xcassets in Resources */,
				3E82B76127AC8901006674ED /* HomeView.xib in Resources */,
			);
			runOnlyForDeploymentPostprocessing = 0;
		};
/* End PBXResourcesBuildPhase section */

/* Begin PBXSourcesBuildPhase section */
		3E82B72527AC6969006674ED /* Sources */ = {
			isa = PBXSourcesBuildPhase;
			buildActionMask = 2147483647;
			files = (
				3E82B74D27AC6A16006674ED /* HomeEntity.swift in Sources */,
				43A4FAA227B0354A00C0B39A /* MapView.swift in Sources */,
				43A4FAA827B0ACF800C0B39A /* MapExternalData.swift in Sources */,
				43C514CF27AF132F008352E2 /* MapEntity.swift in Sources */,
				3E82B76027AC8901006674ED /* HomeView.swift in Sources */,
				3E82B72D27AC6969006674ED /* AppDelegate.swift in Sources */,
				43C514CD27AF0D23008352E2 /* MapPresenter.swift in Sources */,
				3E82B74A27AC6A03006674ED /* HomePresenter.swift in Sources */,
				43A4FAA427B0367700C0B39A /* MapInteractor.swift in Sources */,
				3EE6B09D27AEC4930073D988 /* AirportsListView.swift in Sources */,
				3EE6B09A27AEC45B0073D988 /* ContentMapsView.swift in Sources */,
				3E82B75027AC6A27006674ED /* HomeRouter.swift in Sources */,
				43A4FAA627B0368E00C0B39A /* MapRouter.swift in Sources */,
				3E82B74727AC69F5006674ED /* HomeInteractor.swift in Sources */,
				3E82B72F27AC6969006674ED /* SceneDelegate.swift in Sources */,
			);
			runOnlyForDeploymentPostprocessing = 0;
		};
/* End PBXSourcesBuildPhase section */

/* Begin PBXVariantGroup section */
		3E82B73727AC696A006674ED /* LaunchScreen.storyboard */ = {
			isa = PBXVariantGroup;
			children = (
				3E82B73827AC696A006674ED /* Base */,
			);
			name = LaunchScreen.storyboard;
			sourceTree = "<group>";
		};
/* End PBXVariantGroup section */

/* Begin XCBuildConfiguration section */
		3E82B73B27AC696A006674ED /* Debug */ = {
			isa = XCBuildConfiguration;
			buildSettings = {
				ALWAYS_SEARCH_USER_PATHS = NO;
				CLANG_ANALYZER_NONNULL = YES;
				CLANG_ANALYZER_NUMBER_OBJECT_CONVERSION = YES_AGGRESSIVE;
				CLANG_CXX_LANGUAGE_STANDARD = "gnu++14";
				CLANG_CXX_LIBRARY = "libc++";
				CLANG_ENABLE_MODULES = YES;
				CLANG_ENABLE_OBJC_ARC = YES;
				CLANG_ENABLE_OBJC_WEAK = YES;
				CLANG_WARN_BLOCK_CAPTURE_AUTORELEASING = YES;
				CLANG_WARN_BOOL_CONVERSION = YES;
				CLANG_WARN_COMMA = YES;
				CLANG_WARN_CONSTANT_CONVERSION = YES;
				CLANG_WARN_DEPRECATED_OBJC_IMPLEMENTATIONS = YES;
				CLANG_WARN_DIRECT_OBJC_ISA_USAGE = YES_ERROR;
				CLANG_WARN_DOCUMENTATION_COMMENTS = YES;
				CLANG_WARN_EMPTY_BODY = YES;
				CLANG_WARN_ENUM_CONVERSION = YES;
				CLANG_WARN_INFINITE_RECURSION = YES;
				CLANG_WARN_INT_CONVERSION = YES;
				CLANG_WARN_NON_LITERAL_NULL_CONVERSION = YES;
				CLANG_WARN_OBJC_IMPLICIT_RETAIN_SELF = YES;
				CLANG_WARN_OBJC_LITERAL_CONVERSION = YES;
				CLANG_WARN_OBJC_ROOT_CLASS = YES_ERROR;
				CLANG_WARN_QUOTED_INCLUDE_IN_FRAMEWORK_HEADER = YES;
				CLANG_WARN_RANGE_LOOP_ANALYSIS = YES;
				CLANG_WARN_STRICT_PROTOTYPES = YES;
				CLANG_WARN_SUSPICIOUS_MOVE = YES;
				CLANG_WARN_UNGUARDED_AVAILABILITY = YES_AGGRESSIVE;
				CLANG_WARN_UNREACHABLE_CODE = YES;
				CLANG_WARN__DUPLICATE_METHOD_MATCH = YES;
				COPY_PHASE_STRIP = NO;
				DEBUG_INFORMATION_FORMAT = dwarf;
				ENABLE_STRICT_OBJC_MSGSEND = YES;
				ENABLE_TESTABILITY = YES;
				GCC_C_LANGUAGE_STANDARD = gnu11;
				GCC_DYNAMIC_NO_PIC = NO;
				GCC_NO_COMMON_BLOCKS = YES;
				GCC_OPTIMIZATION_LEVEL = 0;
				GCC_PREPROCESSOR_DEFINITIONS = (
					"DEBUG=1",
					"$(inherited)",
				);
				GCC_WARN_64_TO_32_BIT_CONVERSION = YES;
				GCC_WARN_ABOUT_RETURN_TYPE = YES_ERROR;
				GCC_WARN_UNDECLARED_SELECTOR = YES;
				GCC_WARN_UNINITIALIZED_AUTOS = YES_AGGRESSIVE;
				GCC_WARN_UNUSED_FUNCTION = YES;
				GCC_WARN_UNUSED_VARIABLE = YES;
				IPHONEOS_DEPLOYMENT_TARGET = 14.1;
				MTL_ENABLE_DEBUG_INFO = INCLUDE_SOURCE;
				MTL_FAST_MATH = YES;
				ONLY_ACTIVE_ARCH = YES;
				SDKROOT = iphoneos;
				SWIFT_ACTIVE_COMPILATION_CONDITIONS = DEBUG;
				SWIFT_OPTIMIZATION_LEVEL = "-Onone";
			};
			name = Debug;
		};
		3E82B73C27AC696A006674ED /* Release */ = {
			isa = XCBuildConfiguration;
			buildSettings = {
				ALWAYS_SEARCH_USER_PATHS = NO;
				CLANG_ANALYZER_NONNULL = YES;
				CLANG_ANALYZER_NUMBER_OBJECT_CONVERSION = YES_AGGRESSIVE;
				CLANG_CXX_LANGUAGE_STANDARD = "gnu++14";
				CLANG_CXX_LIBRARY = "libc++";
				CLANG_ENABLE_MODULES = YES;
				CLANG_ENABLE_OBJC_ARC = YES;
				CLANG_ENABLE_OBJC_WEAK = YES;
				CLANG_WARN_BLOCK_CAPTURE_AUTORELEASING = YES;
				CLANG_WARN_BOOL_CONVERSION = YES;
				CLANG_WARN_COMMA = YES;
				CLANG_WARN_CONSTANT_CONVERSION = YES;
				CLANG_WARN_DEPRECATED_OBJC_IMPLEMENTATIONS = YES;
				CLANG_WARN_DIRECT_OBJC_ISA_USAGE = YES_ERROR;
				CLANG_WARN_DOCUMENTATION_COMMENTS = YES;
				CLANG_WARN_EMPTY_BODY = YES;
				CLANG_WARN_ENUM_CONVERSION = YES;
				CLANG_WARN_INFINITE_RECURSION = YES;
				CLANG_WARN_INT_CONVERSION = YES;
				CLANG_WARN_NON_LITERAL_NULL_CONVERSION = YES;
				CLANG_WARN_OBJC_IMPLICIT_RETAIN_SELF = YES;
				CLANG_WARN_OBJC_LITERAL_CONVERSION = YES;
				CLANG_WARN_OBJC_ROOT_CLASS = YES_ERROR;
				CLANG_WARN_QUOTED_INCLUDE_IN_FRAMEWORK_HEADER = YES;
				CLANG_WARN_RANGE_LOOP_ANALYSIS = YES;
				CLANG_WARN_STRICT_PROTOTYPES = YES;
				CLANG_WARN_SUSPICIOUS_MOVE = YES;
				CLANG_WARN_UNGUARDED_AVAILABILITY = YES_AGGRESSIVE;
				CLANG_WARN_UNREACHABLE_CODE = YES;
				CLANG_WARN__DUPLICATE_METHOD_MATCH = YES;
				COPY_PHASE_STRIP = NO;
				DEBUG_INFORMATION_FORMAT = "dwarf-with-dsym";
				ENABLE_NS_ASSERTIONS = NO;
				ENABLE_STRICT_OBJC_MSGSEND = YES;
				GCC_C_LANGUAGE_STANDARD = gnu11;
				GCC_NO_COMMON_BLOCKS = YES;
				GCC_WARN_64_TO_32_BIT_CONVERSION = YES;
				GCC_WARN_ABOUT_RETURN_TYPE = YES_ERROR;
				GCC_WARN_UNDECLARED_SELECTOR = YES;
				GCC_WARN_UNINITIALIZED_AUTOS = YES_AGGRESSIVE;
				GCC_WARN_UNUSED_FUNCTION = YES;
				GCC_WARN_UNUSED_VARIABLE = YES;
				IPHONEOS_DEPLOYMENT_TARGET = 14.1;
				MTL_ENABLE_DEBUG_INFO = NO;
				MTL_FAST_MATH = YES;
				SDKROOT = iphoneos;
				SWIFT_COMPILATION_MODE = wholemodule;
				SWIFT_OPTIMIZATION_LEVEL = "-O";
				VALIDATE_PRODUCT = YES;
			};
			name = Release;
		};
		3E82B73E27AC696A006674ED /* Debug */ = {
			isa = XCBuildConfiguration;
			buildSettings = {
				ASSETCATALOG_COMPILER_APPICON_NAME = AppIcon;
				ASSETCATALOG_COMPILER_GLOBAL_ACCENT_COLOR_NAME = AccentColor;
				CODE_SIGN_STYLE = Automatic;
				DEVELOPMENT_TEAM = SAV8H68H96;
				INFOPLIST_FILE = AirportAlboLab/Info.plist;
				LD_RUNPATH_SEARCH_PATHS = (
					"$(inherited)",
					"@executable_path/Frameworks",
				);
				PRODUCT_BUNDLE_IDENTIFIER = com.carlos.AirportAlboLab;
				PRODUCT_NAME = "$(TARGET_NAME)";
				SWIFT_VERSION = 5.0;
				TARGETED_DEVICE_FAMILY = "1,2";
			};
			name = Debug;
		};
		3E82B73F27AC696A006674ED /* Release */ = {
			isa = XCBuildConfiguration;
			buildSettings = {
				ASSETCATALOG_COMPILER_APPICON_NAME = AppIcon;
				ASSETCATALOG_COMPILER_GLOBAL_ACCENT_COLOR_NAME = AccentColor;
				CODE_SIGN_STYLE = Automatic;
				DEVELOPMENT_TEAM = SAV8H68H96;
				INFOPLIST_FILE = AirportAlboLab/Info.plist;
				LD_RUNPATH_SEARCH_PATHS = (
					"$(inherited)",
					"@executable_path/Frameworks",
				);
				PRODUCT_BUNDLE_IDENTIFIER = com.carlos.AirportAlboLab;
				PRODUCT_NAME = "$(TARGET_NAME)";
				SWIFT_VERSION = 5.0;
				TARGETED_DEVICE_FAMILY = "1,2";
			};
			name = Release;
		};
/* End XCBuildConfiguration section */

/* Begin XCConfigurationList section */
		3E82B72427AC6969006674ED /* Build configuration list for PBXProject "AirportAlboLab" */ = {
			isa = XCConfigurationList;
			buildConfigurations = (
				3E82B73B27AC696A006674ED /* Debug */,
				3E82B73C27AC696A006674ED /* Release */,
			);
			defaultConfigurationIsVisible = 0;
			defaultConfigurationName = Release;
		};
		3E82B73D27AC696A006674ED /* Build configuration list for PBXNativeTarget "AirportAlboLab" */ = {
			isa = XCConfigurationList;
			buildConfigurations = (
				3E82B73E27AC696A006674ED /* Debug */,
				3E82B73F27AC696A006674ED /* Release */,
			);
			defaultConfigurationIsVisible = 0;
			defaultConfigurationName = Release;
		};
/* End XCConfigurationList section */
	};
	rootObject = 3E82B72127AC6969006674ED /* Project object */;
}
